
Microsoft Visual Studio Solution File, Format Version 12.00
# Visual Studio Version 16
VisualStudioVersion = 16.0.28729.10
MinimumVisualStudioVersion = 10.0.40219.1
Project("{8BC9CEB8-8B4A-11D0-8D11-00A0C91BC942}") = "project_euler", "project_euler\project_euler.vcxproj", "{90C1B2DF-B9C9-422D-9572-830F1EE841CF}"
EndProject
Project("{8BC9CEB8-8B4A-11D0-8D11-00A0C91BC942}") = "sample_utest", "sample_utest\sample_utest.vcxproj", "{EAADF10A-AC31-461B-99CF-394C784ED952}"
EndProject
Global
	GlobalSection(SolutionConfigurationPlatforms) = preSolution
		Debug|x64 = Debug|x64
		Debug|x86 = Debug|x86
		Release|x64 = Release|x64
		Release|x86 = Release|x86
	EndGlobalSection
	GlobalSection(ProjectConfigurationPlatforms) = postSolution
		{90C1B2DF-B9C9-422D-9572-830F1EE841CF}.Debug|x64.ActiveCfg = Debug|x64
		{90C1B2DF-B9C9-422D-9572-830F1EE841CF}.Debug|x64.Build.0 = Debug|x64
		{90C1B2DF-B9C9-422D-9572-830F1EE841CF}.Debug|x86.ActiveCfg = Debug|Win32
		{90C1B2DF-B9C9-422D-9572-830F1EE841CF}.Debug|x86.Build.0 = Debug|Win32
		{90C1B2DF-B9C9-422D-9572-830F1EE841CF}.Release|x64.ActiveCfg = Release|x64
		{90C1B2DF-B9C9-422D-9572-830F1EE841CF}.Release|x64.Build.0 = Release|x64
		{90C1B2DF-B9C9-422D-9572-830F1EE841CF}.Release|x86.ActiveCfg = Release|Win32
		{90C1B2DF-B9C9-422D-9572-830F1EE841CF}.Release|x86.Build.0 = Release|Win32
		{EAADF10A-AC31-461B-99CF-394C784ED952}.Debug|x64.ActiveCfg = Debug|x64
		{EAADF10A-AC31-461B-99CF-394C784ED952}.Debug|x64.Build.0 = Debug|x64
		{EAADF10A-AC31-461B-99CF-394C784ED952}.Debug|x86.ActiveCfg = Debug|Win32
		{EAADF10A-AC31-461B-99CF-394C784ED952}.Debug|x86.Build.0 = Debug|Win32
		{EAADF10A-AC31-461B-99CF-394C784ED952}.Release|x64.ActiveCfg = Release|x64
		{EAADF10A-AC31-461B-99CF-394C784ED952}.Release|x64.Build.0 = Release|x64
		{EAADF10A-AC31-461B-99CF-394C784ED952}.Release|x86.ActiveCfg = Release|Win32
		{EAADF10A-AC31-461B-99CF-394C784ED952}.Release|x86.Build.0 = Release|Win32
	EndGlobalSection
	GlobalSection(SolutionProperties) = preSolution
		HideSolutionNode = FALSE
	EndGlobalSection
	GlobalSection(ExtensibilityGlobals) = postSolution
		SolutionGuid = {62FC6315-908D-4CD7-9A83-D738D0E9254C}
	EndGlobalSection
EndGlobal
